
Microsoft Visual Studio Solution File, Format Version 12.00
# Visual Studio 15
VisualStudioVersion = 15.0.28307.136
MinimumVisualStudioVersion = 10.0.40219.1
Project("{888888A0-9F3D-457C-B088-3A5042F75D52}") = "REST_API", "REST_API\REST_API.pyproj", "{EBA3552E-0252-4C72-92D2-A7410BAF1C08}"
EndProject
Global
	GlobalSection(SolutionConfigurationPlatforms) = preSolution
		Debug|Any CPU = Debug|Any CPU
		Release|Any CPU = Release|Any CPU
	EndGlobalSection
	GlobalSection(ProjectConfigurationPlatforms) = postSolution
		{EBA3552E-0252-4C72-92D2-A7410BAF1C08}.Debug|Any CPU.ActiveCfg = Debug|Any CPU
		{EBA3552E-0252-4C72-92D2-A7410BAF1C08}.Release|Any CPU.ActiveCfg = Release|Any CPU
	EndGlobalSection
	GlobalSection(SolutionProperties) = preSolution
		HideSolutionNode = FALSE
	EndGlobalSection
	GlobalSection(ExtensibilityGlobals) = postSolution
		SolutionGuid = {6ED05DD3-E150-4023-9196-059087C44BEF}
	EndGlobalSection
EndGlobal
